
Microsoft Visual Studio Solution File, Format Version 12.00
# Visual Studio Version 17
VisualStudioVersion = 17.4.33213.308
MinimumVisualStudioVersion = 10.0.40219.1
Project("{FAE04EC0-301F-11D3-BF4B-00C04F79EFBC}") = "TravelAgent", "TravelAgent\TravelAgent.csproj", "{5B6E1024-CB0E-4DFA-B804-69FFBACEEDD9}"
EndProject
Global
	GlobalSection(SolutionConfigurationPlatforms) = preSolution
		Debug|Any CPU = Debug|Any CPU
		Release|Any CPU = Release|Any CPU
	EndGlobalSection
	GlobalSection(ProjectConfigurationPlatforms) = postSolution
		{5B6E1024-CB0E-4DFA-B804-69FFBACEEDD9}.Debug|Any CPU.ActiveCfg = Debug|Any CPU
		{5B6E1024-CB0E-4DFA-B804-69FFBACEEDD9}.Debug|Any CPU.Build.0 = Debug|Any CPU
		{5B6E1024-CB0E-4DFA-B804-69FFBACEEDD9}.Release|Any CPU.ActiveCfg = Release|Any CPU
		{5B6E1024-CB0E-4DFA-B804-69FFBACEEDD9}.Release|Any CPU.Build.0 = Release|Any CPU
	EndGlobalSection
	GlobalSection(SolutionProperties) = preSolution
		HideSolutionNode = FALSE
	EndGlobalSection
	GlobalSection(ExtensibilityGlobals) = postSolution
		SolutionGuid = {518196A3-3EA5-42DC-9C38-5B1A1F6D82DA}
	EndGlobalSection
EndGlobal
